// !$*UTF8*$!
{
	archiveVersion = 1;
	classes = {
	};
	objectVersion = 50;
	objects = {

/* Begin PBXBuildFile section */
		9E19159223D04C2400A099C2 /* AppDelegate.swift in Sources */ = {isa = PBXBuildFile; fileRef = 9E19159123D04C2400A099C2 /* AppDelegate.swift */; };
		9E19159423D04C2400A099C2 /* SceneDelegate.swift in Sources */ = {isa = PBXBuildFile; fileRef = 9E19159323D04C2400A099C2 /* SceneDelegate.swift */; };
		9E19159B23D04C2700A099C2 /* Assets.xcassets in Resources */ = {isa = PBXBuildFile; fileRef = 9E19159A23D04C2700A099C2 /* Assets.xcassets */; };
		9E19159E23D04C2700A099C2 /* LaunchScreen.storyboard in Resources */ = {isa = PBXBuildFile; fileRef = 9E19159C23D04C2700A099C2 /* LaunchScreen.storyboard */; };
		9E3579A1240F931E007DBAC7 /* DataManager.swift in Sources */ = {isa = PBXBuildFile; fileRef = 9E3579A0240F931E007DBAC7 /* DataManager.swift */; };
		9E864CCC2410A2DE001B801C /* SettingsViewController.swift in Sources */ = {isa = PBXBuildFile; fileRef = 9E864CCA2410A2DE001B801C /* SettingsViewController.swift */; };
		9E864CCD2410A2DE001B801C /* SettingsViewController.xib in Resources */ = {isa = PBXBuildFile; fileRef = 9E864CCB2410A2DE001B801C /* SettingsViewController.xib */; };
		9EA82DDD240E52BF00D6CA4A /* HomeViewController.swift in Sources */ = {isa = PBXBuildFile; fileRef = 9EA82DDB240E52BF00D6CA4A /* HomeViewController.swift */; };
		9EA82DDE240E52BF00D6CA4A /* HomeViewController.xib in Resources */ = {isa = PBXBuildFile; fileRef = 9EA82DDC240E52BF00D6CA4A /* HomeViewController.xib */; };
/* End PBXBuildFile section */

/* Begin PBXFileReference section */
		9E19158E23D04C2400A099C2 /* HelloUIKit.app */ = {isa = PBXFileReference; explicitFileType = wrapper.application; includeInIndex = 0; path = HelloUIKit.app; sourceTree = BUILT_PRODUCTS_DIR; };
		9E19159123D04C2400A099C2 /* AppDelegate.swift */ = {isa = PBXFileReference; lastKnownFileType = sourcecode.swift; path = AppDelegate.swift; sourceTree = "<group>"; };
		9E19159323D04C2400A099C2 /* SceneDelegate.swift */ = {isa = PBXFileReference; lastKnownFileType = sourcecode.swift; path = SceneDelegate.swift; sourceTree = "<group>"; };
		9E19159A23D04C2700A099C2 /* Assets.xcassets */ = {isa = PBXFileReference; lastKnownFileType = folder.assetcatalog; path = Assets.xcassets; sourceTree = "<group>"; };
		9E19159D23D04C2700A099C2 /* Base */ = {isa = PBXFileReference; lastKnownFileType = file.storyboard; name = Base; path = Base.lproj/LaunchScreen.storyboard; sourceTree = "<group>"; };
		9E19159F23D04C2700A099C2 /* Info.plist */ = {isa = PBXFileReference; lastKnownFileType = text.plist.xml; path = Info.plist; sourceTree = "<group>"; };
		9E3579A0240F931E007DBAC7 /* DataManager.swift */ = {isa = PBXFileReference; lastKnownFileType = sourcecode.swift; path = DataManager.swift; sourceTree = "<group>"; };
		9E864CCA2410A2DE001B801C /* SettingsViewController.swift */ = {isa = PBXFileReference; lastKnownFileType = sourcecode.swift; path = SettingsViewController.swift; sourceTree = "<group>"; };
		9E864CCB2410A2DE001B801C /* SettingsViewController.xib */ = {isa = PBXFileReference; lastKnownFileType = file.xib; path = SettingsViewController.xib; sourceTree = "<group>"; };
		9EA82DDB240E52BF00D6CA4A /* HomeViewController.swift */ = {isa = PBXFileReference; lastKnownFileType = sourcecode.swift; path = HomeViewController.swift; sourceTree = "<group>"; };
		9EA82DDC240E52BF00D6CA4A /* HomeViewController.xib */ = {isa = PBXFileReference; lastKnownFileType = file.xib; path = HomeViewController.xib; sourceTree = "<group>"; };
/* End PBXFileReference section */

/* Begin PBXFrameworksBuildPhase section */
		9E19158B23D04C2400A099C2 /* Frameworks */ = {
			isa = PBXFrameworksBuildPhase;
			buildActionMask = 2147483647;
			files = (
			);
			runOnlyForDeploymentPostprocessing = 0;
		};
/* End PBXFrameworksBuildPhase section */

/* Begin PBXGroup section */
		9E19158523D04C2400A099C2 = {
			isa = PBXGroup;
			children = (
				9E19159023D04C2400A099C2 /* HelloUIKit */,
				9E19158F23D04C2400A099C2 /* Products */,
			);
			sourceTree = "<group>";
		};
		9E19158F23D04C2400A099C2 /* Products */ = {
			isa = PBXGroup;
			children = (
				9E19158E23D04C2400A099C2 /* HelloUIKit.app */,
			);
			name = Products;
			sourceTree = "<group>";
		};
		9E19159023D04C2400A099C2 /* HelloUIKit */ = {
			isa = PBXGroup;
			children = (
				9EA82DD5240E525700D6CA4A /* AppDelegate */,
				9EA82DD7240E528200D6CA4A /* Controllers */,
				9EA82DD9240E529600D6CA4A /* Models */,
				9EA82DD8240E529000D6CA4A /* Views */,
				9EA82DD6240E526200D6CA4A /* Resources */,
				9E19159F23D04C2700A099C2 /* Info.plist */,
			);
			path = HelloUIKit;
			sourceTree = "<group>";
		};
		9E864CC92410A2BC001B801C /* Settings */ = {
			isa = PBXGroup;
			children = (
				9E864CCA2410A2DE001B801C /* SettingsViewController.swift */,
				9E864CCB2410A2DE001B801C /* SettingsViewController.xib */,
			);
			path = Settings;
			sourceTree = "<group>";
		};
		9EA82DD5240E525700D6CA4A /* AppDelegate */ = {
			isa = PBXGroup;
			children = (
				9E19159123D04C2400A099C2 /* AppDelegate.swift */,
				9E19159323D04C2400A099C2 /* SceneDelegate.swift */,
			);
			path = AppDelegate;
			sourceTree = "<group>";
		};
		9EA82DD6240E526200D6CA4A /* Resources */ = {
			isa = PBXGroup;
			children = (
				9E19159A23D04C2700A099C2 /* Assets.xcassets */,
				9E19159C23D04C2700A099C2 /* LaunchScreen.storyboard */,
			);
			path = Resources;
			sourceTree = "<group>";
		};
		9EA82DD7240E528200D6CA4A /* Controllers */ = {
			isa = PBXGroup;
			children = (
				9E864CC92410A2BC001B801C /* Settings */,
				9EA82DDA240E52A900D6CA4A /* Home */,
			);
			path = Controllers;
			sourceTree = "<group>";
		};
		9EA82DD8240E529000D6CA4A /* Views */ = {
			isa = PBXGroup;
			children = (
			);
			path = Views;
			sourceTree = "<group>";
		};
		9EA82DD9240E529600D6CA4A /* Models */ = {
			isa = PBXGroup;
			children = (
				9E3579A0240F931E007DBAC7 /* DataManager.swift */,
			);
			path = Models;
			sourceTree = "<group>";
		};
		9EA82DDA240E52A900D6CA4A /* Home */ = {
			isa = PBXGroup;
			children = (
				9EA82DDB240E52BF00D6CA4A /* HomeViewController.swift */,
				9EA82DDC240E52BF00D6CA4A /* HomeViewController.xib */,
			);
			path = Home;
			sourceTree = "<group>";
		};
/* End PBXGroup section */

/* Begin PBXNativeTarget section */
		9E19158D23D04C2400A099C2 /* HelloUIKit */ = {
			isa = PBXNativeTarget;
			buildConfigurationList = 9E1915A223D04C2700A099C2 /* Build configuration list for PBXNativeTarget "HelloUIKit" */;
			buildPhases = (
				9E19158A23D04C2400A099C2 /* Sources */,
				9E19158B23D04C2400A099C2 /* Frameworks */,
				9E19158C23D04C2400A099C2 /* Resources */,
			);
			buildRules = (
			);
			dependencies = (
			);
			name = HelloUIKit;
			productName = HelloUIKit;
			productReference = 9E19158E23D04C2400A099C2 /* HelloUIKit.app */;
			productType = "com.apple.product-type.application";
		};
/* End PBXNativeTarget section */

/* Begin PBXProject section */
		9E19158623D04C2400A099C2 /* Project object */ = {
			isa = PBXProject;
			attributes = {
				LastSwiftUpdateCheck = 1100;
				LastUpgradeCheck = 1100;
				ORGANIZATIONNAME = "Fx Studio";
				TargetAttributes = {
					9E19158D23D04C2400A099C2 = {
						CreatedOnToolsVersion = 11.0;
					};
				};
			};
			buildConfigurationList = 9E19158923D04C2400A099C2 /* Build configuration list for PBXProject "HelloUIKit" */;
			compatibilityVersion = "Xcode 9.3";
			developmentRegion = en;
			hasScannedForEncodings = 0;
			knownRegions = (
				en,
				Base,
			);
			mainGroup = 9E19158523D04C2400A099C2;
			productRefGroup = 9E19158F23D04C2400A099C2 /* Products */;
			projectDirPath = "";
			projectRoot = "";
			targets = (
				9E19158D23D04C2400A099C2 /* HelloUIKit */,
			);
		};
/* End PBXProject section */

/* Begin PBXResourcesBuildPhase section */
		9E19158C23D04C2400A099C2 /* Resources */ = {
			isa = PBXResourcesBuildPhase;
			buildActionMask = 2147483647;
			files = (
				9E19159E23D04C2700A099C2 /* LaunchScreen.storyboard in Resources */,
				9E19159B23D04C2700A099C2 /* Assets.xcassets in Resources */,
				9EA82DDE240E52BF00D6CA4A /* HomeViewController.xib in Resources */,
				9E864CCD2410A2DE001B801C /* SettingsViewController.xib in Resources */,
			);
			runOnlyForDeploymentPostprocessing = 0;
		};
/* End PBXResourcesBuildPhase section */

/* Begin PBXSourcesBuildPhase section */
		9E19158A23D04C2400A099C2 /* Sources */ = {
			isa = PBXSourcesBuildPhase;
			buildActionMask = 2147483647;
			files = (
				9E19159223D04C2400A099C2 /* AppDelegate.swift in Sources */,
				9E3579A1240F931E007DBAC7 /* DataManager.swift in Sources */,
				9E19159423D04C2400A099C2 /* SceneDelegate.swift in Sources */,
				9E864CCC2410A2DE001B801C /* SettingsViewController.swift in Sources */,
				9EA82DDD240E52BF00D6CA4A /* HomeViewController.swift in Sources */,
			);
			runOnlyForDeploymentPostprocessing = 0;
		};
/* End PBXSourcesBuildPhase section */

/* Begin PBXVariantGroup section */
		9E19159C23D04C2700A099C2 /* LaunchScreen.storyboard */ = {
			isa = PBXVariantGroup;
			children = (
				9E19159D23D04C2700A099C2 /* Base */,
			);
			name = LaunchScreen.storyboard;
			sourceTree = "<group>";
		};
/* End PBXVariantGroup section */

/* Begin XCBuildConfiguration section */
		9E1915A023D04C2700A099C2 /* Debug */ = {
			isa = XCBuildConfiguration;
			buildSettings = {
				ALWAYS_SEARCH_USER_PATHS = NO;
				CLANG_ANALYZER_NONNULL = YES;
				CLANG_ANALYZER_NUMBER_OBJECT_CONVERSION = YES_AGGRESSIVE;
				CLANG_CXX_LANGUAGE_STANDARD = "gnu++14";
				CLANG_CXX_LIBRARY = "libc++";
				CLANG_ENABLE_MODULES = YES;
				CLANG_ENABLE_OBJC_ARC = YES;
				CLANG_ENABLE_OBJC_WEAK = YES;
				CLANG_WARN_BLOCK_CAPTURE_AUTORELEASING = YES;
				CLANG_WARN_BOOL_CONVERSION = YES;
				CLANG_WARN_COMMA = YES;
				CLANG_WARN_CONSTANT_CONVERSION = YES;
				CLANG_WARN_DEPRECATED_OBJC_IMPLEMENTATIONS = YES;
				CLANG_WARN_DIRECT_OBJC_ISA_USAGE = YES_ERROR;
				CLANG_WARN_DOCUMENTATION_COMMENTS = YES;
				CLANG_WARN_EMPTY_BODY = YES;
				CLANG_WARN_ENUM_CONVERSION = YES;
				CLANG_WARN_INFINITE_RECURSION = YES;
				CLANG_WARN_INT_CONVERSION = YES;
				CLANG_WARN_NON_LITERAL_NULL_CONVERSION = YES;
				CLANG_WARN_OBJC_IMPLICIT_RETAIN_SELF = YES;
				CLANG_WARN_OBJC_LITERAL_CONVERSION = YES;
				CLANG_WARN_OBJC_ROOT_CLASS = YES_ERROR;
				CLANG_WARN_RANGE_LOOP_ANALYSIS = YES;
				CLANG_WARN_STRICT_PROTOTYPES = YES;
				CLANG_WARN_SUSPICIOUS_MOVE = YES;
				CLANG_WARN_UNGUARDED_AVAILABILITY = YES_AGGRESSIVE;
				CLANG_WARN_UNREACHABLE_CODE = YES;
				CLANG_WARN__DUPLICATE_METHOD_MATCH = YES;
				COPY_PHASE_STRIP = NO;
				DEBUG_INFORMATION_FORMAT = dwarf;
				ENABLE_STRICT_OBJC_MSGSEND = YES;
				ENABLE_TESTABILITY = YES;
				GCC_C_LANGUAGE_STANDARD = gnu11;
				GCC_DYNAMIC_NO_PIC = NO;
				GCC_NO_COMMON_BLOCKS = YES;
				GCC_OPTIMIZATION_LEVEL = 0;
				GCC_PREPROCESSOR_DEFINITIONS = (
					"DEBUG=1",
					"$(inherited)",
				);
				GCC_WARN_64_TO_32_BIT_CONVERSION = YES;
				GCC_WARN_ABOUT_RETURN_TYPE = YES_ERROR;
				GCC_WARN_UNDECLARED_SELECTOR = YES;
				GCC_WARN_UNINITIALIZED_AUTOS = YES_AGGRESSIVE;
				GCC_WARN_UNUSED_FUNCTION = YES;
				GCC_WARN_UNUSED_VARIABLE = YES;
				IPHONEOS_DEPLOYMENT_TARGET = 13.0;
				MTL_ENABLE_DEBUG_INFO = INCLUDE_SOURCE;
				MTL_FAST_MATH = YES;
				ONLY_ACTIVE_ARCH = YES;
				SDKROOT = iphoneos;
				SWIFT_ACTIVE_COMPILATION_CONDITIONS = DEBUG;
				SWIFT_OPTIMIZATION_LEVEL = "-Onone";
			};
			name = Debug;
		};
		9E1915A123D04C2700A099C2 /* Release */ = {
			isa = XCBuildConfiguration;
			buildSettings = {
				ALWAYS_SEARCH_USER_PATHS = NO;
				CLANG_ANALYZER_NONNULL = YES;
				CLANG_ANALYZER_NUMBER_OBJECT_CONVERSION = YES_AGGRESSIVE;
				CLANG_CXX_LANGUAGE_STANDARD = "gnu++14";
				CLANG_CXX_LIBRARY = "libc++";
				CLANG_ENABLE_MODULES = YES;
				CLANG_ENABLE_OBJC_ARC = YES;
				CLANG_ENABLE_OBJC_WEAK = YES;
				CLANG_WARN_BLOCK_CAPTURE_AUTORELEASING = YES;
				CLANG_WARN_BOOL_CONVERSION = YES;
				CLANG_WARN_COMMA = YES;
				CLANG_WARN_CONSTANT_CONVERSION = YES;
				CLANG_WARN_DEPRECATED_OBJC_IMPLEMENTATIONS = YES;
				CLANG_WARN_DIRECT_OBJC_ISA_USAGE = YES_ERROR;
				CLANG_WARN_DOCUMENTATION_COMMENTS = YES;
				CLANG_WARN_EMPTY_BODY = YES;
				CLANG_WARN_ENUM_CONVERSION = YES;
				CLANG_WARN_INFINITE_RECURSION = YES;
				CLANG_WARN_INT_CONVERSION = YES;
				CLANG_WARN_NON_LITERAL_NULL_CONVERSION = YES;
				CLANG_WARN_OBJC_IMPLICIT_RETAIN_SELF = YES;
				CLANG_WARN_OBJC_LITERAL_CONVERSION = YES;
				CLANG_WARN_OBJC_ROOT_CLASS = YES_ERROR;
				CLANG_WARN_RANGE_LOOP_ANALYSIS = YES;
				CLANG_WARN_STRICT_PROTOTYPES = YES;
				CLANG_WARN_SUSPICIOUS_MOVE = YES;
				CLANG_WARN_UNGUARDED_AVAILABILITY = YES_AGGRESSIVE;
				CLANG_WARN_UNREACHABLE_CODE = YES;
				CLANG_WARN__DUPLICATE_METHOD_MATCH = YES;
				COPY_PHASE_STRIP = NO;
				DEBUG_INFORMATION_FORMAT = "dwarf-with-dsym";
				ENABLE_NS_ASSERTIONS = NO;
				ENABLE_STRICT_OBJC_MSGSEND = YES;
				GCC_C_LANGUAGE_STANDARD = gnu11;
				GCC_NO_COMMON_BLOCKS = YES;
				GCC_WARN_64_TO_32_BIT_CONVERSION = YES;
				GCC_WARN_ABOUT_RETURN_TYPE = YES_ERROR;
				GCC_WARN_UNDECLARED_SELECTOR = YES;
				GCC_WARN_UNINITIALIZED_AUTOS = YES_AGGRESSIVE;
				GCC_WARN_UNUSED_FUNCTION = YES;
				GCC_WARN_UNUSED_VARIABLE = YES;
				IPHONEOS_DEPLOYMENT_TARGET = 13.0;
				MTL_ENABLE_DEBUG_INFO = NO;
				MTL_FAST_MATH = YES;
				SDKROOT = iphoneos;
				SWIFT_COMPILATION_MODE = wholemodule;
				SWIFT_OPTIMIZATION_LEVEL = "-O";
				VALIDATE_PRODUCT = YES;
			};
			name = Release;
		};
		9E1915A323D04C2700A099C2 /* Debug */ = {
			isa = XCBuildConfiguration;
			buildSettings = {
				ASSETCATALOG_COMPILER_APPICON_NAME = AppIcon;
				CODE_SIGN_STYLE = Automatic;
				DEVELOPMENT_TEAM = QG598U658S;
				INFOPLIST_FILE = HelloUIKit/Info.plist;
				LD_RUNPATH_SEARCH_PATHS = (
					"$(inherited)",
					"@executable_path/Frameworks",
				);
				PRODUCT_BUNDLE_IDENTIFIER = com.fx.HelloUIKit;
				PRODUCT_NAME = "$(TARGET_NAME)";
				SWIFT_VERSION = 5.0;
				TARGETED_DEVICE_FAMILY = "1,2";
			};
			name = Debug;
		};
		9E1915A423D04C2700A099C2 /* Release */ = {
			isa = XCBuildConfiguration;
			buildSettings = {
				ASSETCATALOG_COMPILER_APPICON_NAME = AppIcon;
				CODE_SIGN_STYLE = Automatic;
				DEVELOPMENT_TEAM = QG598U658S;
				INFOPLIST_FILE = HelloUIKit/Info.plist;
				LD_RUNPATH_SEARCH_PATHS = (
					"$(inherited)",
					"@executable_path/Frameworks",
				);
				PRODUCT_BUNDLE_IDENTIFIER = com.fx.HelloUIKit;
				PRODUCT_NAME = "$(TARGET_NAME)";
				SWIFT_VERSION = 5.0;
				TARGETED_DEVICE_FAMILY = "1,2";
			};
			name = Release;
		};
/* End XCBuildConfiguration section */

/* Begin XCConfigurationList section */
		9E19158923D04C2400A099C2 /* Build configuration list for PBXProject "HelloUIKit" */ = {
			isa = XCConfigurationList;
			buildConfigurations = (
				9E1915A023D04C2700A099C2 /* Debug */,
				9E1915A123D04C2700A099C2 /* Release */,
			);
			defaultConfigurationIsVisible = 0;
			defaultConfigurationName = Release;
		};
		9E1915A223D04C2700A099C2 /* Build configuration list for PBXNativeTarget "HelloUIKit" */ = {
			isa = XCConfigurationList;
			buildConfigurations = (
				9E1915A323D04C2700A099C2 /* Debug */,
				9E1915A423D04C2700A099C2 /* Release */,
			);
			defaultConfigurationIsVisible = 0;
			defaultConfigurationName = Release;
		};
/* End XCConfigurationList section */
	};
	rootObject = 9E19158623D04C2400A099C2 /* Project object */;
}
